
Microsoft Visual Studio Solution File, Format Version 12.00
# Visual Studio Version 17
VisualStudioVersion = 17.7.34031.279
MinimumVisualStudioVersion = 10.0.40219.1
Project("{9A19103F-16F7-4668-BE54-9A1E7A4F7556}") = "api", "api.csproj", "{8DF4E09D-698F-407D-AF42-DB2ACED0DBC6}"
EndProject
Project("{9A19103F-16F7-4668-BE54-9A1E7A4F7556}") = "api.tests", "..\api.tests\api.tests.csproj", "{73220458-5E29-4FDC-8EBC-4AAB83A83B22}"
EndProject
Global
	GlobalSection(SolutionConfigurationPlatforms) = preSolution
		Debug|Any CPU = Debug|Any CPU
		Release|Any CPU = Release|Any CPU
	EndGlobalSection
	GlobalSection(ProjectConfigurationPlatforms) = postSolution
		{8DF4E09D-698F-407D-AF42-DB2ACED0DBC6}.Debug|Any CPU.ActiveCfg = Debug|Any CPU
		{8DF4E09D-698F-407D-AF42-DB2ACED0DBC6}.Debug|Any CPU.Build.0 = Debug|Any CPU
		{8DF4E09D-698F-407D-AF42-DB2ACED0DBC6}.Release|Any CPU.ActiveCfg = Release|Any CPU
		{8DF4E09D-698F-407D-AF42-DB2ACED0DBC6}.Release|Any CPU.Build.0 = Release|Any CPU
		{73220458-5E29-4FDC-8EBC-4AAB83A83B22}.Debug|Any CPU.ActiveCfg = Debug|Any CPU
		{73220458-5E29-4FDC-8EBC-4AAB83A83B22}.Debug|Any CPU.Build.0 = Debug|Any CPU
		{73220458-5E29-4FDC-8EBC-4AAB83A83B22}.Release|Any CPU.ActiveCfg = Release|Any CPU
		{73220458-5E29-4FDC-8EBC-4AAB83A83B22}.Release|Any CPU.Build.0 = Release|Any CPU
	EndGlobalSection
	GlobalSection(SolutionProperties) = preSolution
		HideSolutionNode = FALSE
	EndGlobalSection
	GlobalSection(ExtensibilityGlobals) = postSolution
		SolutionGuid = {197CF41D-ACC9-4ABC-BE1B-AF0C5E0EF714}
	EndGlobalSection
EndGlobal
